// !$*UTF8*$!
{
	archiveVersion = 1;
	classes = {
	};
	objectVersion = 56;
	objects = {

/* Begin PBXBuildFile section */
		FD093F9E2CC657850031497C /* OnTheAirRefreshSettingsUseCase.swift in Sources */ = {isa = PBXBuildFile; fileRef = FD093F9D2CC657850031497C /* OnTheAirRefreshSettingsUseCase.swift */; };
		FD093FA02CC666AB0031497C /* TopRatedMoviesRefreshSettingsUseCase.swift in Sources */ = {isa = PBXBuildFile; fileRef = FD093F9F2CC666AB0031497C /* TopRatedMoviesRefreshSettingsUseCase.swift */; };
		FD093FA22CC6677F0031497C /* SettingsViewModel.swift in Sources */ = {isa = PBXBuildFile; fileRef = FD093FA12CC6677F0031497C /* SettingsViewModel.swift */; };
		FD093FA42CC68DA00031497C /* SettingsView.swift in Sources */ = {isa = PBXBuildFile; fileRef = FD093FA32CC68DA00031497C /* SettingsView.swift */; };
		FD093FA62CC68E5F0031497C /* MockSettingsViewModel.swift in Sources */ = {isa = PBXBuildFile; fileRef = FD093FA52CC68E5F0031497C /* MockSettingsViewModel.swift */; };
		FD093FA82CC68EA70031497C /* MockOnTheAirRefreshSettingsUseCase.swift in Sources */ = {isa = PBXBuildFile; fileRef = FD093FA72CC68EA70031497C /* MockOnTheAirRefreshSettingsUseCase.swift */; };
		FD093FAA2CC68EF30031497C /* MockTopRatedRefreshSettingsUseCase.swift in Sources */ = {isa = PBXBuildFile; fileRef = FD093FA92CC68EF30031497C /* MockTopRatedRefreshSettingsUseCase.swift */; };
		FD318CB82CC7C45B00520390 /* FavoritesRepository.swift in Sources */ = {isa = PBXBuildFile; fileRef = FD318CB72CC7C45B00520390 /* FavoritesRepository.swift */; };
		FD345BB82CA6B144005FE713 /* Movie.swift in Sources */ = {isa = PBXBuildFile; fileRef = FD345BB72CA6B144005FE713 /* Movie.swift */; };
		FD345BC12CA6B991005FE713 /* MovieRepository.swift in Sources */ = {isa = PBXBuildFile; fileRef = FD345BC02CA6B991005FE713 /* MovieRepository.swift */; };
		FD345BC32CA6CFC2005FE713 /* GetTopRatedMoviesUseCase.swift in Sources */ = {isa = PBXBuildFile; fileRef = FD345BC22CA6CFC2005FE713 /* GetTopRatedMoviesUseCase.swift */; };
		FD345BC52CA6D398005FE713 /* MoviesViewModel.swift in Sources */ = {isa = PBXBuildFile; fileRef = FD345BC42CA6D398005FE713 /* MoviesViewModel.swift */; };
		FD345BC72CA6D425005FE713 /* MoviesView.swift in Sources */ = {isa = PBXBuildFile; fileRef = FD345BC62CA6D425005FE713 /* MoviesView.swift */; };
		FD43C2F62CB0219C00045907 /* MovieDetailsView.swift in Sources */ = {isa = PBXBuildFile; fileRef = FD43C2F52CB0219C00045907 /* MovieDetailsView.swift */; };
		FD43C2F92CB02C7000045907 /* SDWebImageSwiftUI in Frameworks */ = {isa = PBXBuildFile; productRef = FD43C2F82CB02C7000045907 /* SDWebImageSwiftUI */; };
		FD43C2FC2CB02D9400045907 /* URLHelpers.swift in Sources */ = {isa = PBXBuildFile; fileRef = FD43C2FB2CB02D9400045907 /* URLHelpers.swift */; };
		FD43C2FE2CB02DD800045907 /* Constants.swift in Sources */ = {isa = PBXBuildFile; fileRef = FD43C2FD2CB02DD800045907 /* Constants.swift */; };
		FD43C3002CB032F600045907 /* StarRatingView.swift in Sources */ = {isa = PBXBuildFile; fileRef = FD43C2FF2CB032F600045907 /* StarRatingView.swift */; };
		FD43C3022CB0385B00045907 /* RefreshTopRatedMoviesUseCase.swift in Sources */ = {isa = PBXBuildFile; fileRef = FD43C3012CB0385B00045907 /* RefreshTopRatedMoviesUseCase.swift */; };
		FD43C3062CB03DF800045907 /* CustomRefreshableView.swift in Sources */ = {isa = PBXBuildFile; fileRef = FD43C3052CB03DF800045907 /* CustomRefreshableView.swift */; };
		FD470F032CB6C17400578B04 /* GetOnTheAirMoviesUseCase.swift in Sources */ = {isa = PBXBuildFile; fileRef = FD470F022CB6C17400578B04 /* GetOnTheAirMoviesUseCase.swift */; };
		FD67AE982CBD2B0C00071A84 /* MovieListView.swift in Sources */ = {isa = PBXBuildFile; fileRef = FD67AE972CBD2B0C00071A84 /* MovieListView.swift */; };
		FD67AE9A2CBD4C9600071A84 /* ToggleFavoriteMovieUseCase.swift in Sources */ = {isa = PBXBuildFile; fileRef = FD67AE992CBD4C9600071A84 /* ToggleFavoriteMovieUseCase.swift */; };
		FD67AE9C2CBD4F0900071A84 /* GetFavoriteMoviesUseCase.swift in Sources */ = {isa = PBXBuildFile; fileRef = FD67AE9B2CBD4F0900071A84 /* GetFavoriteMoviesUseCase.swift */; };
		FD6F3FEF2CC2A3AB00883E4B /* SettingsRepository.swift in Sources */ = {isa = PBXBuildFile; fileRef = FD6F3FEE2CC2A3AB00883E4B /* SettingsRepository.swift */; };
		FD7B025D2CA6E8280035DE19 /* FavoritesView.swift in Sources */ = {isa = PBXBuildFile; fileRef = FD7B025C2CA6E8280035DE19 /* FavoritesView.swift */; };
		FD9B71842CA6AE2700374AA9 /* CleanArchitectureApp.swift in Sources */ = {isa = PBXBuildFile; fileRef = FD9B71832CA6AE2700374AA9 /* CleanArchitectureApp.swift */; };
		FD9B71882CA6AE2900374AA9 /* Assets.xcassets in Resources */ = {isa = PBXBuildFile; fileRef = FD9B71872CA6AE2900374AA9 /* Assets.xcassets */; };
		FD9B718B2CA6AE2900374AA9 /* Preview Assets.xcassets in Resources */ = {isa = PBXBuildFile; fileRef = FD9B718A2CA6AE2900374AA9 /* Preview Assets.xcassets */; };
		FDB056C62CAEDFEC00754D0A /* DIContainer.swift.swift in Sources */ = {isa = PBXBuildFile; fileRef = FDB056C52CAEDFEC00754D0A /* DIContainer.swift.swift */; };
		FDB752022CABF4F4002EF118 /* Config.xcconfig in Resources */ = {isa = PBXBuildFile; fileRef = FDB752012CABF4F4002EF118 /* Config.xcconfig */; };
		FDB752062CAC34F0002EF118 /* AppDataModel.xcdatamodeld in Sources */ = {isa = PBXBuildFile; fileRef = FDB752042CAC34F0002EF118 /* AppDataModel.xcdatamodeld */; };
		FDB752082CAC446E002EF118 /* PersistenceController.swift in Sources */ = {isa = PBXBuildFile; fileRef = FDB752072CAC446E002EF118 /* PersistenceController.swift */; };
		FDB7520A2CAC4546002EF118 /* CoreDataExtensions.swift in Sources */ = {isa = PBXBuildFile; fileRef = FDB752092CAC4546002EF118 /* CoreDataExtensions.swift */; };
		FDDED3B42CBE7CDF002B5E2C /* MockMoviesViewModel.swift in Sources */ = {isa = PBXBuildFile; fileRef = FDDED3B32CBE7CDF002B5E2C /* MockMoviesViewModel.swift */; };
		FDDED3B62CBE7CEF002B5E2C /* MockGetTopRatedMoviesUseCase.swift in Sources */ = {isa = PBXBuildFile; fileRef = FDDED3B52CBE7CEF002B5E2C /* MockGetTopRatedMoviesUseCase.swift */; };
		FDDED3BA2CBE7E53002B5E2C /* MockRefreshTopRatedMoviesUseCase.swift in Sources */ = {isa = PBXBuildFile; fileRef = FDDED3B92CBE7E53002B5E2C /* MockRefreshTopRatedMoviesUseCase.swift */; };
		FDDED3BC2CBE7E8F002B5E2C /* MockGetOnTheAirMoviesUseCase.swift in Sources */ = {isa = PBXBuildFile; fileRef = FDDED3BB2CBE7E8F002B5E2C /* MockGetOnTheAirMoviesUseCase.swift */; };
		FDDED3C02CBE7EDD002B5E2C /* MockToggleFavoriteMovieUseCase.swift in Sources */ = {isa = PBXBuildFile; fileRef = FDDED3BF2CBE7EDD002B5E2C /* MockToggleFavoriteMovieUseCase.swift */; };
		FDDED3C22CBE7F0D002B5E2C /* MockGetFavoriteMoviesUseCase.swift in Sources */ = {isa = PBXBuildFile; fileRef = FDDED3C12CBE7F0D002B5E2C /* MockGetFavoriteMoviesUseCase.swift */; };
/* End PBXBuildFile section */

/* Begin PBXFileReference section */
		FD093F9D2CC657850031497C /* OnTheAirRefreshSettingsUseCase.swift */ = {isa = PBXFileReference; lastKnownFileType = sourcecode.swift; path = OnTheAirRefreshSettingsUseCase.swift; sourceTree = "<group>"; };
		FD093F9F2CC666AB0031497C /* TopRatedMoviesRefreshSettingsUseCase.swift */ = {isa = PBXFileReference; lastKnownFileType = sourcecode.swift; path = TopRatedMoviesRefreshSettingsUseCase.swift; sourceTree = "<group>"; };
		FD093FA12CC6677F0031497C /* SettingsViewModel.swift */ = {isa = PBXFileReference; lastKnownFileType = sourcecode.swift; path = SettingsViewModel.swift; sourceTree = "<group>"; };
		FD093FA32CC68DA00031497C /* SettingsView.swift */ = {isa = PBXFileReference; lastKnownFileType = sourcecode.swift; path = SettingsView.swift; sourceTree = "<group>"; };
		FD093FA52CC68E5F0031497C /* MockSettingsViewModel.swift */ = {isa = PBXFileReference; lastKnownFileType = sourcecode.swift; path = MockSettingsViewModel.swift; sourceTree = "<group>"; };
		FD093FA72CC68EA70031497C /* MockOnTheAirRefreshSettingsUseCase.swift */ = {isa = PBXFileReference; lastKnownFileType = sourcecode.swift; path = MockOnTheAirRefreshSettingsUseCase.swift; sourceTree = "<group>"; };
		FD093FA92CC68EF30031497C /* MockTopRatedRefreshSettingsUseCase.swift */ = {isa = PBXFileReference; lastKnownFileType = sourcecode.swift; path = MockTopRatedRefreshSettingsUseCase.swift; sourceTree = "<group>"; };
		FD318CB72CC7C45B00520390 /* FavoritesRepository.swift */ = {isa = PBXFileReference; lastKnownFileType = sourcecode.swift; path = FavoritesRepository.swift; sourceTree = "<group>"; };
		FD345BB72CA6B144005FE713 /* Movie.swift */ = {isa = PBXFileReference; lastKnownFileType = sourcecode.swift; path = Movie.swift; sourceTree = "<group>"; };
		FD345BC02CA6B991005FE713 /* MovieRepository.swift */ = {isa = PBXFileReference; lastKnownFileType = sourcecode.swift; path = MovieRepository.swift; sourceTree = "<group>"; };
		FD345BC22CA6CFC2005FE713 /* GetTopRatedMoviesUseCase.swift */ = {isa = PBXFileReference; lastKnownFileType = sourcecode.swift; path = GetTopRatedMoviesUseCase.swift; sourceTree = "<group>"; };
		FD345BC42CA6D398005FE713 /* MoviesViewModel.swift */ = {isa = PBXFileReference; lastKnownFileType = sourcecode.swift; path = MoviesViewModel.swift; sourceTree = "<group>"; };
		FD345BC62CA6D425005FE713 /* MoviesView.swift */ = {isa = PBXFileReference; lastKnownFileType = sourcecode.swift; path = MoviesView.swift; sourceTree = "<group>"; };
		FD43C2F52CB0219C00045907 /* MovieDetailsView.swift */ = {isa = PBXFileReference; lastKnownFileType = sourcecode.swift; path = MovieDetailsView.swift; sourceTree = "<group>"; };
		FD43C2FB2CB02D9400045907 /* URLHelpers.swift */ = {isa = PBXFileReference; lastKnownFileType = sourcecode.swift; path = URLHelpers.swift; sourceTree = "<group>"; };
		FD43C2FD2CB02DD800045907 /* Constants.swift */ = {isa = PBXFileReference; lastKnownFileType = sourcecode.swift; path = Constants.swift; sourceTree = "<group>"; };
		FD43C2FF2CB032F600045907 /* StarRatingView.swift */ = {isa = PBXFileReference; lastKnownFileType = sourcecode.swift; path = StarRatingView.swift; sourceTree = "<group>"; };
		FD43C3012CB0385B00045907 /* RefreshTopRatedMoviesUseCase.swift */ = {isa = PBXFileReference; lastKnownFileType = sourcecode.swift; path = RefreshTopRatedMoviesUseCase.swift; sourceTree = "<group>"; };
		FD43C3052CB03DF800045907 /* CustomRefreshableView.swift */ = {isa = PBXFileReference; lastKnownFileType = sourcecode.swift; path = CustomRefreshableView.swift; sourceTree = "<group>"; };
		FD470F022CB6C17400578B04 /* GetOnTheAirMoviesUseCase.swift */ = {isa = PBXFileReference; lastKnownFileType = sourcecode.swift; path = GetOnTheAirMoviesUseCase.swift; sourceTree = "<group>"; };
		FD67AE972CBD2B0C00071A84 /* MovieListView.swift */ = {isa = PBXFileReference; lastKnownFileType = sourcecode.swift; path = MovieListView.swift; sourceTree = "<group>"; };
		FD67AE992CBD4C9600071A84 /* ToggleFavoriteMovieUseCase.swift */ = {isa = PBXFileReference; lastKnownFileType = sourcecode.swift; path = ToggleFavoriteMovieUseCase.swift; sourceTree = "<group>"; };
		FD67AE9B2CBD4F0900071A84 /* GetFavoriteMoviesUseCase.swift */ = {isa = PBXFileReference; lastKnownFileType = sourcecode.swift; path = GetFavoriteMoviesUseCase.swift; sourceTree = "<group>"; };
		FD6F3FEE2CC2A3AB00883E4B /* SettingsRepository.swift */ = {isa = PBXFileReference; lastKnownFileType = sourcecode.swift; path = SettingsRepository.swift; sourceTree = "<group>"; };
		FD74288E2CABF011004291BF /* Info.plist */ = {isa = PBXFileReference; lastKnownFileType = text.plist; path = Info.plist; sourceTree = "<group>"; };
		FD7B025C2CA6E8280035DE19 /* FavoritesView.swift */ = {isa = PBXFileReference; lastKnownFileType = sourcecode.swift; path = FavoritesView.swift; sourceTree = "<group>"; };
		FD9B71802CA6AE2700374AA9 /* CleanArchitecture.app */ = {isa = PBXFileReference; explicitFileType = wrapper.application; includeInIndex = 0; path = CleanArchitecture.app; sourceTree = BUILT_PRODUCTS_DIR; };
		FD9B71832CA6AE2700374AA9 /* CleanArchitectureApp.swift */ = {isa = PBXFileReference; lastKnownFileType = sourcecode.swift; path = CleanArchitectureApp.swift; sourceTree = "<group>"; };
		FD9B71872CA6AE2900374AA9 /* Assets.xcassets */ = {isa = PBXFileReference; lastKnownFileType = folder.assetcatalog; path = Assets.xcassets; sourceTree = "<group>"; };
		FD9B718A2CA6AE2900374AA9 /* Preview Assets.xcassets */ = {isa = PBXFileReference; lastKnownFileType = folder.assetcatalog; path = "Preview Assets.xcassets"; sourceTree = "<group>"; };
		FDB056C52CAEDFEC00754D0A /* DIContainer.swift.swift */ = {isa = PBXFileReference; lastKnownFileType = sourcecode.swift; path = DIContainer.swift.swift; sourceTree = "<group>"; };
		FDB752012CABF4F4002EF118 /* Config.xcconfig */ = {isa = PBXFileReference; lastKnownFileType = text.xcconfig; path = Config.xcconfig; sourceTree = "<group>"; };
		FDB752052CAC34F0002EF118 /* AppDataModel.xcdatamodel */ = {isa = PBXFileReference; lastKnownFileType = wrapper.xcdatamodel; path = AppDataModel.xcdatamodel; sourceTree = "<group>"; };
		FDB752072CAC446E002EF118 /* PersistenceController.swift */ = {isa = PBXFileReference; lastKnownFileType = sourcecode.swift; path = PersistenceController.swift; sourceTree = "<group>"; };
		FDB752092CAC4546002EF118 /* CoreDataExtensions.swift */ = {isa = PBXFileReference; lastKnownFileType = sourcecode.swift; path = CoreDataExtensions.swift; sourceTree = "<group>"; };
		FDDED3B32CBE7CDF002B5E2C /* MockMoviesViewModel.swift */ = {isa = PBXFileReference; lastKnownFileType = sourcecode.swift; path = MockMoviesViewModel.swift; sourceTree = "<group>"; };
		FDDED3B52CBE7CEF002B5E2C /* MockGetTopRatedMoviesUseCase.swift */ = {isa = PBXFileReference; lastKnownFileType = sourcecode.swift; path = MockGetTopRatedMoviesUseCase.swift; sourceTree = "<group>"; };
		FDDED3B92CBE7E53002B5E2C /* MockRefreshTopRatedMoviesUseCase.swift */ = {isa = PBXFileReference; lastKnownFileType = sourcecode.swift; path = MockRefreshTopRatedMoviesUseCase.swift; sourceTree = "<group>"; };
		FDDED3BB2CBE7E8F002B5E2C /* MockGetOnTheAirMoviesUseCase.swift */ = {isa = PBXFileReference; lastKnownFileType = sourcecode.swift; path = MockGetOnTheAirMoviesUseCase.swift; sourceTree = "<group>"; };
		FDDED3BF2CBE7EDD002B5E2C /* MockToggleFavoriteMovieUseCase.swift */ = {isa = PBXFileReference; lastKnownFileType = sourcecode.swift; path = MockToggleFavoriteMovieUseCase.swift; sourceTree = "<group>"; };
		FDDED3C12CBE7F0D002B5E2C /* MockGetFavoriteMoviesUseCase.swift */ = {isa = PBXFileReference; lastKnownFileType = sourcecode.swift; path = MockGetFavoriteMoviesUseCase.swift; sourceTree = "<group>"; };
/* End PBXFileReference section */

/* Begin PBXFrameworksBuildPhase section */
		FD9B717D2CA6AE2700374AA9 /* Frameworks */ = {
			isa = PBXFrameworksBuildPhase;
			buildActionMask = 2147483647;
			files = (
				FD43C2F92CB02C7000045907 /* SDWebImageSwiftUI in Frameworks */,
			);
			runOnlyForDeploymentPostprocessing = 0;
		};
/* End PBXFrameworksBuildPhase section */

/* Begin PBXGroup section */
		FD345BB22CA6B094005FE713 /* Model */ = {
			isa = PBXGroup;
			children = (
				FD345BB72CA6B144005FE713 /* Movie.swift */,
			);
			path = Model;
			sourceTree = "<group>";
		};
		FD345BB32CA6B09B005FE713 /* Repository */ = {
			isa = PBXGroup;
			children = (
				FD345BC02CA6B991005FE713 /* MovieRepository.swift */,
				FD6F3FEE2CC2A3AB00883E4B /* SettingsRepository.swift */,
				FD318CB72CC7C45B00520390 /* FavoritesRepository.swift */,
			);
			path = Repository;
			sourceTree = "<group>";
		};
		FD345BB42CA6B0A0005FE713 /* Use Case */ = {
			isa = PBXGroup;
			children = (
				FD345BC22CA6CFC2005FE713 /* GetTopRatedMoviesUseCase.swift */,
				FD43C3012CB0385B00045907 /* RefreshTopRatedMoviesUseCase.swift */,
				FD470F022CB6C17400578B04 /* GetOnTheAirMoviesUseCase.swift */,
				FD67AE992CBD4C9600071A84 /* ToggleFavoriteMovieUseCase.swift */,
				FD67AE9B2CBD4F0900071A84 /* GetFavoriteMoviesUseCase.swift */,
				FD093F9D2CC657850031497C /* OnTheAirRefreshSettingsUseCase.swift */,
				FD093F9F2CC666AB0031497C /* TopRatedMoviesRefreshSettingsUseCase.swift */,
			);
			path = "Use Case";
			sourceTree = "<group>";
		};
		FD345BB52CA6B0A7005FE713 /* View Models */ = {
			isa = PBXGroup;
			children = (
				FD345BC42CA6D398005FE713 /* MoviesViewModel.swift */,
				FD093FA12CC6677F0031497C /* SettingsViewModel.swift */,
			);
			path = "View Models";
			sourceTree = "<group>";
		};
		FD345BB62CA6B0B1005FE713 /* Views */ = {
			isa = PBXGroup;
			children = (
				FD345BC62CA6D425005FE713 /* MoviesView.swift */,
				FD7B025C2CA6E8280035DE19 /* FavoritesView.swift */,
				FD43C2F52CB0219C00045907 /* MovieDetailsView.swift */,
				FD43C2FF2CB032F600045907 /* StarRatingView.swift */,
				FD43C3052CB03DF800045907 /* CustomRefreshableView.swift */,
				FD67AE972CBD2B0C00071A84 /* MovieListView.swift */,
				FD093FA32CC68DA00031497C /* SettingsView.swift */,
			);
			path = Views;
			sourceTree = "<group>";
		};
		FD43C2FA2CB02D8400045907 /* Helpers */ = {
			isa = PBXGroup;
			children = (
				FD43C2FB2CB02D9400045907 /* URLHelpers.swift */,
				FD43C2FD2CB02DD800045907 /* Constants.swift */,
			);
			path = Helpers;
			sourceTree = "<group>";
		};
		FD9B71772CA6AE2700374AA9 = {
			isa = PBXGroup;
			children = (
				FD9B71822CA6AE2700374AA9 /* CleanArchitecture */,
				FD9B71812CA6AE2700374AA9 /* Products */,
			);
			sourceTree = "<group>";
		};
		FD9B71812CA6AE2700374AA9 /* Products */ = {
			isa = PBXGroup;
			children = (
				FD9B71802CA6AE2700374AA9 /* CleanArchitecture.app */,
			);
			name = Products;
			sourceTree = "<group>";
		};
		FD9B71822CA6AE2700374AA9 /* CleanArchitecture */ = {
			isa = PBXGroup;
			children = (
				FD43C2FA2CB02D8400045907 /* Helpers */,
				FDB056C42CAEDFDE00754D0A /* DI */,
				FDB752032CAC3491002EF118 /* Data Persistence */,
				FD345BB62CA6B0B1005FE713 /* Views */,
				FD345BB52CA6B0A7005FE713 /* View Models */,
				FD345BB42CA6B0A0005FE713 /* Use Case */,
				FD345BB32CA6B09B005FE713 /* Repository */,
				FD345BB22CA6B094005FE713 /* Model */,
				FDDED3B02CBE7C82002B5E2C /* Mocks */,
				FD9B71832CA6AE2700374AA9 /* CleanArchitectureApp.swift */,
				FD74288E2CABF011004291BF /* Info.plist */,
				FD9B71872CA6AE2900374AA9 /* Assets.xcassets */,
				FD9B71892CA6AE2900374AA9 /* Preview Content */,
				FDB752012CABF4F4002EF118 /* Config.xcconfig */,
			);
			path = CleanArchitecture;
			sourceTree = "<group>";
		};
		FD9B71892CA6AE2900374AA9 /* Preview Content */ = {
			isa = PBXGroup;
			children = (
				FD9B718A2CA6AE2900374AA9 /* Preview Assets.xcassets */,
			);
			path = "Preview Content";
			sourceTree = "<group>";
		};
		FDB056C42CAEDFDE00754D0A /* DI */ = {
			isa = PBXGroup;
			children = (
				FDB056C52CAEDFEC00754D0A /* DIContainer.swift.swift */,
			);
			path = DI;
			sourceTree = "<group>";
		};
		FDB752032CAC3491002EF118 /* Data Persistence */ = {
			isa = PBXGroup;
			children = (
				FDB752042CAC34F0002EF118 /* AppDataModel.xcdatamodeld */,
				FDB752072CAC446E002EF118 /* PersistenceController.swift */,
				FDB752092CAC4546002EF118 /* CoreDataExtensions.swift */,
			);
			path = "Data Persistence";
			sourceTree = "<group>";
		};
		FDDED3B02CBE7C82002B5E2C /* Mocks */ = {
			isa = PBXGroup;
			children = (
				FDDED3B22CBE7CCC002B5E2C /* Use Cases */,
				FDDED3B12CBE7CBC002B5E2C /* View Models */,
			);
			path = Mocks;
			sourceTree = "<group>";
		};
		FDDED3B12CBE7CBC002B5E2C /* View Models */ = {
			isa = PBXGroup;
			children = (
				FDDED3B32CBE7CDF002B5E2C /* MockMoviesViewModel.swift */,
				FD093FA52CC68E5F0031497C /* MockSettingsViewModel.swift */,
			);
			path = "View Models";
			sourceTree = "<group>";
		};
		FDDED3B22CBE7CCC002B5E2C /* Use Cases */ = {
			isa = PBXGroup;
			children = (
				FDDED3B52CBE7CEF002B5E2C /* MockGetTopRatedMoviesUseCase.swift */,
				FDDED3B92CBE7E53002B5E2C /* MockRefreshTopRatedMoviesUseCase.swift */,
				FDDED3BB2CBE7E8F002B5E2C /* MockGetOnTheAirMoviesUseCase.swift */,
				FDDED3BF2CBE7EDD002B5E2C /* MockToggleFavoriteMovieUseCase.swift */,
				FDDED3C12CBE7F0D002B5E2C /* MockGetFavoriteMoviesUseCase.swift */,
				FD093FA72CC68EA70031497C /* MockOnTheAirRefreshSettingsUseCase.swift */,
				FD093FA92CC68EF30031497C /* MockTopRatedRefreshSettingsUseCase.swift */,
			);
			path = "Use Cases";
			sourceTree = "<group>";
		};
/* End PBXGroup section */

/* Begin PBXNativeTarget section */
		FD9B717F2CA6AE2700374AA9 /* CleanArchitecture */ = {
			isa = PBXNativeTarget;
			buildConfigurationList = FD9B718E2CA6AE2900374AA9 /* Build configuration list for PBXNativeTarget "CleanArchitecture" */;
			buildPhases = (
				FD9B717C2CA6AE2700374AA9 /* Sources */,
				FD9B717D2CA6AE2700374AA9 /* Frameworks */,
				FD9B717E2CA6AE2700374AA9 /* Resources */,
			);
			buildRules = (
			);
			dependencies = (
			);
			name = CleanArchitecture;
			packageProductDependencies = (
				FD43C2F82CB02C7000045907 /* SDWebImageSwiftUI */,
			);
			productName = CleanArchitecture;
			productReference = FD9B71802CA6AE2700374AA9 /* CleanArchitecture.app */;
			productType = "com.apple.product-type.application";
		};
/* End PBXNativeTarget section */

/* Begin PBXProject section */
		FD9B71782CA6AE2700374AA9 /* Project object */ = {
			isa = PBXProject;
			attributes = {
				BuildIndependentTargetsInParallel = 1;
				LastSwiftUpdateCheck = 1540;
				LastUpgradeCheck = 1540;
				TargetAttributes = {
					FD9B717F2CA6AE2700374AA9 = {
						CreatedOnToolsVersion = 15.4;
					};
				};
			};
			buildConfigurationList = FD9B717B2CA6AE2700374AA9 /* Build configuration list for PBXProject "CleanArchitecture" */;
			compatibilityVersion = "Xcode 14.0";
			developmentRegion = en;
			hasScannedForEncodings = 0;
			knownRegions = (
				en,
				Base,
			);
			mainGroup = FD9B71772CA6AE2700374AA9;
			packageReferences = (
				FD43C2F72CB02C7000045907 /* XCRemoteSwiftPackageReference "SDWebImageSwiftUI" */,
			);
			productRefGroup = FD9B71812CA6AE2700374AA9 /* Products */;
			projectDirPath = "";
			projectRoot = "";
			targets = (
				FD9B717F2CA6AE2700374AA9 /* CleanArchitecture */,
			);
		};
/* End PBXProject section */

/* Begin PBXResourcesBuildPhase section */
		FD9B717E2CA6AE2700374AA9 /* Resources */ = {
			isa = PBXResourcesBuildPhase;
			buildActionMask = 2147483647;
			files = (
				FD9B718B2CA6AE2900374AA9 /* Preview Assets.xcassets in Resources */,
				FDB752022CABF4F4002EF118 /* Config.xcconfig in Resources */,
				FD9B71882CA6AE2900374AA9 /* Assets.xcassets in Resources */,
			);
			runOnlyForDeploymentPostprocessing = 0;
		};
/* End PBXResourcesBuildPhase section */

/* Begin PBXSourcesBuildPhase section */
		FD9B717C2CA6AE2700374AA9 /* Sources */ = {
			isa = PBXSourcesBuildPhase;
			buildActionMask = 2147483647;
			files = (
				FD093FAA2CC68EF30031497C /* MockTopRatedRefreshSettingsUseCase.swift in Sources */,
				FD43C3002CB032F600045907 /* StarRatingView.swift in Sources */,
				FD345BC32CA6CFC2005FE713 /* GetTopRatedMoviesUseCase.swift in Sources */,
				FD43C3062CB03DF800045907 /* CustomRefreshableView.swift in Sources */,
				FDDED3B62CBE7CEF002B5E2C /* MockGetTopRatedMoviesUseCase.swift in Sources */,
				FD093FA02CC666AB0031497C /* TopRatedMoviesRefreshSettingsUseCase.swift in Sources */,
				FDB7520A2CAC4546002EF118 /* CoreDataExtensions.swift in Sources */,
				FD318CB82CC7C45B00520390 /* FavoritesRepository.swift in Sources */,
				FDDED3C22CBE7F0D002B5E2C /* MockGetFavoriteMoviesUseCase.swift in Sources */,
				FD345BC12CA6B991005FE713 /* MovieRepository.swift in Sources */,
				FDB056C62CAEDFEC00754D0A /* DIContainer.swift.swift in Sources */,
				FD9B71842CA6AE2700374AA9 /* CleanArchitectureApp.swift in Sources */,
				FDB752082CAC446E002EF118 /* PersistenceController.swift in Sources */,
				FDDED3C02CBE7EDD002B5E2C /* MockToggleFavoriteMovieUseCase.swift in Sources */,
				FD093FA62CC68E5F0031497C /* MockSettingsViewModel.swift in Sources */,
				FD67AE9A2CBD4C9600071A84 /* ToggleFavoriteMovieUseCase.swift in Sources */,
				FD43C2FE2CB02DD800045907 /* Constants.swift in Sources */,
				FDDED3B42CBE7CDF002B5E2C /* MockMoviesViewModel.swift in Sources */,
				FD470F032CB6C17400578B04 /* GetOnTheAirMoviesUseCase.swift in Sources */,
				FD67AE982CBD2B0C00071A84 /* MovieListView.swift in Sources */,
				FD43C2FC2CB02D9400045907 /* URLHelpers.swift in Sources */,
				FD093FA22CC6677F0031497C /* SettingsViewModel.swift in Sources */,
				FD093F9E2CC657850031497C /* OnTheAirRefreshSettingsUseCase.swift in Sources */,
				FDB752062CAC34F0002EF118 /* AppDataModel.xcdatamodeld in Sources */,
				FDDED3BC2CBE7E8F002B5E2C /* MockGetOnTheAirMoviesUseCase.swift in Sources */,
				FD345BB82CA6B144005FE713 /* Movie.swift in Sources */,
				FD093FA82CC68EA70031497C /* MockOnTheAirRefreshSettingsUseCase.swift in Sources */,
				FD6F3FEF2CC2A3AB00883E4B /* SettingsRepository.swift in Sources */,
				FD43C3022CB0385B00045907 /* RefreshTopRatedMoviesUseCase.swift in Sources */,
				FD093FA42CC68DA00031497C /* SettingsView.swift in Sources */,
				FD345BC72CA6D425005FE713 /* MoviesView.swift in Sources */,
				FDDED3BA2CBE7E53002B5E2C /* MockRefreshTopRatedMoviesUseCase.swift in Sources */,
				FD43C2F62CB0219C00045907 /* MovieDetailsView.swift in Sources */,
				FD345BC52CA6D398005FE713 /* MoviesViewModel.swift in Sources */,
				FD7B025D2CA6E8280035DE19 /* FavoritesView.swift in Sources */,
				FD67AE9C2CBD4F0900071A84 /* GetFavoriteMoviesUseCase.swift in Sources */,
			);
			runOnlyForDeploymentPostprocessing = 0;
		};
/* End PBXSourcesBuildPhase section */

/* Begin XCBuildConfiguration section */
		FD9B718C2CA6AE2900374AA9 /* Debug */ = {
			isa = XCBuildConfiguration;
			baseConfigurationReference = FDB752012CABF4F4002EF118 /* Config.xcconfig */;
			buildSettings = {
				ALWAYS_SEARCH_USER_PATHS = NO;
				ASSETCATALOG_COMPILER_GENERATE_SWIFT_ASSET_SYMBOL_EXTENSIONS = YES;
				CLANG_ANALYZER_NONNULL = YES;
				CLANG_ANALYZER_NUMBER_OBJECT_CONVERSION = YES_AGGRESSIVE;
				CLANG_CXX_LANGUAGE_STANDARD = "gnu++20";
				CLANG_ENABLE_MODULES = YES;
				CLANG_ENABLE_OBJC_ARC = YES;
				CLANG_ENABLE_OBJC_WEAK = YES;
				CLANG_WARN_BLOCK_CAPTURE_AUTORELEASING = YES;
				CLANG_WARN_BOOL_CONVERSION = YES;
				CLANG_WARN_COMMA = YES;
				CLANG_WARN_CONSTANT_CONVERSION = YES;
				CLANG_WARN_DEPRECATED_OBJC_IMPLEMENTATIONS = YES;
				CLANG_WARN_DIRECT_OBJC_ISA_USAGE = YES_ERROR;
				CLANG_WARN_DOCUMENTATION_COMMENTS = YES;
				CLANG_WARN_EMPTY_BODY = YES;
				CLANG_WARN_ENUM_CONVERSION = YES;
				CLANG_WARN_INFINITE_RECURSION = YES;
				CLANG_WARN_INT_CONVERSION = YES;
				CLANG_WARN_NON_LITERAL_NULL_CONVERSION = YES;
				CLANG_WARN_OBJC_IMPLICIT_RETAIN_SELF = YES;
				CLANG_WARN_OBJC_LITERAL_CONVERSION = YES;
				CLANG_WARN_OBJC_ROOT_CLASS = YES_ERROR;
				CLANG_WARN_QUOTED_INCLUDE_IN_FRAMEWORK_HEADER = YES;
				CLANG_WARN_RANGE_LOOP_ANALYSIS = YES;
				CLANG_WARN_STRICT_PROTOTYPES = YES;
				CLANG_WARN_SUSPICIOUS_MOVE = YES;
				CLANG_WARN_UNGUARDED_AVAILABILITY = YES_AGGRESSIVE;
				CLANG_WARN_UNREACHABLE_CODE = YES;
				CLANG_WARN__DUPLICATE_METHOD_MATCH = YES;
				COPY_PHASE_STRIP = NO;
				DEBUG_INFORMATION_FORMAT = dwarf;
				ENABLE_STRICT_OBJC_MSGSEND = YES;
				ENABLE_TESTABILITY = YES;
				ENABLE_USER_SCRIPT_SANDBOXING = YES;
				GCC_C_LANGUAGE_STANDARD = gnu17;
				GCC_DYNAMIC_NO_PIC = NO;
				GCC_NO_COMMON_BLOCKS = YES;
				GCC_OPTIMIZATION_LEVEL = 0;
				GCC_PREPROCESSOR_DEFINITIONS = (
					"DEBUG=1",
					"$(inherited)",
				);
				GCC_WARN_64_TO_32_BIT_CONVERSION = YES;
				GCC_WARN_ABOUT_RETURN_TYPE = YES_ERROR;
				GCC_WARN_UNDECLARED_SELECTOR = YES;
				GCC_WARN_UNINITIALIZED_AUTOS = YES_AGGRESSIVE;
				GCC_WARN_UNUSED_FUNCTION = YES;
				GCC_WARN_UNUSED_VARIABLE = YES;
				IPHONEOS_DEPLOYMENT_TARGET = 17.5;
				LOCALIZATION_PREFERS_STRING_CATALOGS = YES;
				MTL_ENABLE_DEBUG_INFO = INCLUDE_SOURCE;
				MTL_FAST_MATH = YES;
				ONLY_ACTIVE_ARCH = YES;
				SDKROOT = iphoneos;
				SWIFT_ACTIVE_COMPILATION_CONDITIONS = "DEBUG $(inherited)";
				SWIFT_OPTIMIZATION_LEVEL = "-Onone";
			};
			name = Debug;
		};
		FD9B718D2CA6AE2900374AA9 /* Release */ = {
			isa = XCBuildConfiguration;
			baseConfigurationReference = FDB752012CABF4F4002EF118 /* Config.xcconfig */;
			buildSettings = {
				ALWAYS_SEARCH_USER_PATHS = NO;
				ASSETCATALOG_COMPILER_GENERATE_SWIFT_ASSET_SYMBOL_EXTENSIONS = YES;
				CLANG_ANALYZER_NONNULL = YES;
				CLANG_ANALYZER_NUMBER_OBJECT_CONVERSION = YES_AGGRESSIVE;
				CLANG_CXX_LANGUAGE_STANDARD = "gnu++20";
				CLANG_ENABLE_MODULES = YES;
				CLANG_ENABLE_OBJC_ARC = YES;
				CLANG_ENABLE_OBJC_WEAK = YES;
				CLANG_WARN_BLOCK_CAPTURE_AUTORELEASING = YES;
				CLANG_WARN_BOOL_CONVERSION = YES;
				CLANG_WARN_COMMA = YES;
				CLANG_WARN_CONSTANT_CONVERSION = YES;
				CLANG_WARN_DEPRECATED_OBJC_IMPLEMENTATIONS = YES;
				CLANG_WARN_DIRECT_OBJC_ISA_USAGE = YES_ERROR;
				CLANG_WARN_DOCUMENTATION_COMMENTS = YES;
				CLANG_WARN_EMPTY_BODY = YES;
				CLANG_WARN_ENUM_CONVERSION = YES;
				CLANG_WARN_INFINITE_RECURSION = YES;
				CLANG_WARN_INT_CONVERSION = YES;
				CLANG_WARN_NON_LITERAL_NULL_CONVERSION = YES;
				CLANG_WARN_OBJC_IMPLICIT_RETAIN_SELF = YES;
				CLANG_WARN_OBJC_LITERAL_CONVERSION = YES;
				CLANG_WARN_OBJC_ROOT_CLASS = YES_ERROR;
				CLANG_WARN_QUOTED_INCLUDE_IN_FRAMEWORK_HEADER = YES;
				CLANG_WARN_RANGE_LOOP_ANALYSIS = YES;
				CLANG_WARN_STRICT_PROTOTYPES = YES;
				CLANG_WARN_SUSPICIOUS_MOVE = YES;
				CLANG_WARN_UNGUARDED_AVAILABILITY = YES_AGGRESSIVE;
				CLANG_WARN_UNREACHABLE_CODE = YES;
				CLANG_WARN__DUPLICATE_METHOD_MATCH = YES;
				COPY_PHASE_STRIP = NO;
				DEBUG_INFORMATION_FORMAT = "dwarf-with-dsym";
				ENABLE_NS_ASSERTIONS = NO;
				ENABLE_STRICT_OBJC_MSGSEND = YES;
				ENABLE_USER_SCRIPT_SANDBOXING = YES;
				GCC_C_LANGUAGE_STANDARD = gnu17;
				GCC_NO_COMMON_BLOCKS = YES;
				GCC_WARN_64_TO_32_BIT_CONVERSION = YES;
				GCC_WARN_ABOUT_RETURN_TYPE = YES_ERROR;
				GCC_WARN_UNDECLARED_SELECTOR = YES;
				GCC_WARN_UNINITIALIZED_AUTOS = YES_AGGRESSIVE;
				GCC_WARN_UNUSED_FUNCTION = YES;
				GCC_WARN_UNUSED_VARIABLE = YES;
				IPHONEOS_DEPLOYMENT_TARGET = 17.5;
				LOCALIZATION_PREFERS_STRING_CATALOGS = YES;
				MTL_ENABLE_DEBUG_INFO = NO;
				MTL_FAST_MATH = YES;
				SDKROOT = iphoneos;
				SWIFT_COMPILATION_MODE = wholemodule;
				VALIDATE_PRODUCT = YES;
			};
			name = Release;
		};
		FD9B718F2CA6AE2900374AA9 /* Debug */ = {
			isa = XCBuildConfiguration;
			baseConfigurationReference = FDB752012CABF4F4002EF118 /* Config.xcconfig */;
			buildSettings = {
				ASSETCATALOG_COMPILER_APPICON_NAME = AppIcon;
				ASSETCATALOG_COMPILER_GLOBAL_ACCENT_COLOR_NAME = AccentColor;
				CODE_SIGN_STYLE = Automatic;
				CURRENT_PROJECT_VERSION = 1;
				DEVELOPMENT_ASSET_PATHS = "\"CleanArchitecture/Preview Content\"";
				DEVELOPMENT_TEAM = XHTY5N4472;
				ENABLE_PREVIEWS = YES;
				GENERATE_INFOPLIST_FILE = YES;
				INFOPLIST_FILE = CleanArchitecture/Info.plist;
				INFOPLIST_KEY_UIApplicationSceneManifest_Generation = YES;
				INFOPLIST_KEY_UIApplicationSupportsIndirectInputEvents = YES;
				INFOPLIST_KEY_UILaunchScreen_Generation = YES;
				INFOPLIST_KEY_UISupportedInterfaceOrientations_iPad = "UIInterfaceOrientationPortrait UIInterfaceOrientationPortraitUpsideDown UIInterfaceOrientationLandscapeLeft UIInterfaceOrientationLandscapeRight";
				INFOPLIST_KEY_UISupportedInterfaceOrientations_iPhone = "UIInterfaceOrientationPortrait UIInterfaceOrientationLandscapeLeft UIInterfaceOrientationLandscapeRight";
				IPHONEOS_DEPLOYMENT_TARGET = 16;
				LD_RUNPATH_SEARCH_PATHS = (
					"$(inherited)",
					"@executable_path/Frameworks",
				);
				MARKETING_VERSION = 1.0;
				PRODUCT_BUNDLE_IDENTIFIER = sadasdasdasdasdasdasdasdasd.CleanArchitecture;
				PRODUCT_NAME = "$(TARGET_NAME)";
				SWIFT_EMIT_LOC_STRINGS = YES;
				SWIFT_VERSION = 5.0;
				TARGETED_DEVICE_FAMILY = "1,2";
			};
			name = Debug;
		};
		FD9B71902CA6AE2900374AA9 /* Release */ = {
			isa = XCBuildConfiguration;
			baseConfigurationReference = FDB752012CABF4F4002EF118 /* Config.xcconfig */;
			buildSettings = {
				ASSETCATALOG_COMPILER_APPICON_NAME = AppIcon;
				ASSETCATALOG_COMPILER_GLOBAL_ACCENT_COLOR_NAME = AccentColor;
				CODE_SIGN_STYLE = Automatic;
				CURRENT_PROJECT_VERSION = 1;
				DEVELOPMENT_ASSET_PATHS = "\"CleanArchitecture/Preview Content\"";
				DEVELOPMENT_TEAM = XHTY5N4472;
				ENABLE_PREVIEWS = YES;
				GENERATE_INFOPLIST_FILE = YES;
				INFOPLIST_FILE = CleanArchitecture/Info.plist;
				INFOPLIST_KEY_UIApplicationSceneManifest_Generation = YES;
				INFOPLIST_KEY_UIApplicationSupportsIndirectInputEvents = YES;
				INFOPLIST_KEY_UILaunchScreen_Generation = YES;
				INFOPLIST_KEY_UISupportedInterfaceOrientations_iPad = "UIInterfaceOrientationPortrait UIInterfaceOrientationPortraitUpsideDown UIInterfaceOrientationLandscapeLeft UIInterfaceOrientationLandscapeRight";
				INFOPLIST_KEY_UISupportedInterfaceOrientations_iPhone = "UIInterfaceOrientationPortrait UIInterfaceOrientationLandscapeLeft UIInterfaceOrientationLandscapeRight";
				IPHONEOS_DEPLOYMENT_TARGET = 16;
				LD_RUNPATH_SEARCH_PATHS = (
					"$(inherited)",
					"@executable_path/Frameworks",
				);
				MARKETING_VERSION = 1.0;
				PRODUCT_BUNDLE_IDENTIFIER = sadasdasdasdasdasdasdasdasd.CleanArchitecture;
				PRODUCT_NAME = "$(TARGET_NAME)";
				SWIFT_EMIT_LOC_STRINGS = YES;
				SWIFT_VERSION = 5.0;
				TARGETED_DEVICE_FAMILY = "1,2";
			};
			name = Release;
		};
/* End XCBuildConfiguration section */

/* Begin XCConfigurationList section */
		FD9B717B2CA6AE2700374AA9 /* Build configuration list for PBXProject "CleanArchitecture" */ = {
			isa = XCConfigurationList;
			buildConfigurations = (
				FD9B718C2CA6AE2900374AA9 /* Debug */,
				FD9B718D2CA6AE2900374AA9 /* Release */,
			);
			defaultConfigurationIsVisible = 0;
			defaultConfigurationName = Release;
		};
		FD9B718E2CA6AE2900374AA9 /* Build configuration list for PBXNativeTarget "CleanArchitecture" */ = {
			isa = XCConfigurationList;
			buildConfigurations = (
				FD9B718F2CA6AE2900374AA9 /* Debug */,
				FD9B71902CA6AE2900374AA9 /* Release */,
			);
			defaultConfigurationIsVisible = 0;
			defaultConfigurationName = Release;
		};
/* End XCConfigurationList section */

/* Begin XCRemoteSwiftPackageReference section */
		FD43C2F72CB02C7000045907 /* XCRemoteSwiftPackageReference "SDWebImageSwiftUI" */ = {
			isa = XCRemoteSwiftPackageReference;
			repositoryURL = "https://github.com/SDWebImage/SDWebImageSwiftUI.git";
			requirement = {
				kind = upToNextMajorVersion;
				minimumVersion = 3.1.2;
			};
		};
/* End XCRemoteSwiftPackageReference section */

/* Begin XCSwiftPackageProductDependency section */
		FD43C2F82CB02C7000045907 /* SDWebImageSwiftUI */ = {
			isa = XCSwiftPackageProductDependency;
			package = FD43C2F72CB02C7000045907 /* XCRemoteSwiftPackageReference "SDWebImageSwiftUI" */;
			productName = SDWebImageSwiftUI;
		};
/* End XCSwiftPackageProductDependency section */

/* Begin XCVersionGroup section */
		FDB752042CAC34F0002EF118 /* AppDataModel.xcdatamodeld */ = {
			isa = XCVersionGroup;
			children = (
				FDB752052CAC34F0002EF118 /* AppDataModel.xcdatamodel */,
			);
			currentVersion = FDB752052CAC34F0002EF118 /* AppDataModel.xcdatamodel */;
			name = AppDataModel.xcdatamodeld;
			path = "/Users/stepan/Documents/Private.nosync/CleanArchitecture/CleanArchitecture/Data Persistence/AppDataModel.xcdatamodeld";
			sourceTree = "<group>";
			versionGroupType = wrapper.xcdatamodel;
		};
/* End XCVersionGroup section */
	};
	rootObject = FD9B71782CA6AE2700374AA9 /* Project object */;
}
