// !$*UTF8*$!
{
	archiveVersion = 1;
	classes = {
	};
	objectVersion = 56;
	objects = {

/* Begin PBXBuildFile section */
		FD345BB82CA6B144005FE713 /* Movie.swift in Sources */ = {isa = PBXBuildFile; fileRef = FD345BB72CA6B144005FE713 /* Movie.swift */; };
		FD345BBD2CA6B5E7005FE713 /* MovieRepositoryProtocol.swift in Sources */ = {isa = PBXBuildFile; fileRef = FD345BBC2CA6B5E7005FE713 /* MovieRepositoryProtocol.swift */; };
		FD345BBF2CA6B7B5005FE713 /* GetTopRatedMoviesUseCaseProtocol.swift in Sources */ = {isa = PBXBuildFile; fileRef = FD345BBE2CA6B7B5005FE713 /* GetTopRatedMoviesUseCaseProtocol.swift */; };
		FD345BC12CA6B991005FE713 /* MovieRepository.swift in Sources */ = {isa = PBXBuildFile; fileRef = FD345BC02CA6B991005FE713 /* MovieRepository.swift */; };
		FD345BC32CA6CFC2005FE713 /* GetTopRatedMoviesUseCase.swift in Sources */ = {isa = PBXBuildFile; fileRef = FD345BC22CA6CFC2005FE713 /* GetTopRatedMoviesUseCase.swift */; };
		FD345BC52CA6D398005FE713 /* MoviesViewModel.swift in Sources */ = {isa = PBXBuildFile; fileRef = FD345BC42CA6D398005FE713 /* MoviesViewModel.swift */; };
		FD345BC72CA6D425005FE713 /* MoviesView.swift in Sources */ = {isa = PBXBuildFile; fileRef = FD345BC62CA6D425005FE713 /* MoviesView.swift */; };
		FD7B025D2CA6E8280035DE19 /* FavoritesView.swift in Sources */ = {isa = PBXBuildFile; fileRef = FD7B025C2CA6E8280035DE19 /* FavoritesView.swift */; };
		FD9B71842CA6AE2700374AA9 /* CleanArchitectureApp.swift in Sources */ = {isa = PBXBuildFile; fileRef = FD9B71832CA6AE2700374AA9 /* CleanArchitectureApp.swift */; };
		FD9B71882CA6AE2900374AA9 /* Assets.xcassets in Resources */ = {isa = PBXBuildFile; fileRef = FD9B71872CA6AE2900374AA9 /* Assets.xcassets */; };
		FD9B718B2CA6AE2900374AA9 /* Preview Assets.xcassets in Resources */ = {isa = PBXBuildFile; fileRef = FD9B718A2CA6AE2900374AA9 /* Preview Assets.xcassets */; };
		FDB056C62CAEDFEC00754D0A /* DIContainer.swift.swift in Sources */ = {isa = PBXBuildFile; fileRef = FDB056C52CAEDFEC00754D0A /* DIContainer.swift.swift */; };
		FDB752022CABF4F4002EF118 /* Config.xcconfig in Resources */ = {isa = PBXBuildFile; fileRef = FDB752012CABF4F4002EF118 /* Config.xcconfig */; };
		FDB752062CAC34F0002EF118 /* AppDataModel.xcdatamodeld in Sources */ = {isa = PBXBuildFile; fileRef = FDB752042CAC34F0002EF118 /* AppDataModel.xcdatamodeld */; };
		FDB752082CAC446E002EF118 /* PersistenceController.swift in Sources */ = {isa = PBXBuildFile; fileRef = FDB752072CAC446E002EF118 /* PersistenceController.swift */; };
		FDB7520A2CAC4546002EF118 /* CoreDataExtensions.swift in Sources */ = {isa = PBXBuildFile; fileRef = FDB752092CAC4546002EF118 /* CoreDataExtensions.swift */; };
/* End PBXBuildFile section */

/* Begin PBXFileReference section */
		FD345BB72CA6B144005FE713 /* Movie.swift */ = {isa = PBXFileReference; lastKnownFileType = sourcecode.swift; path = Movie.swift; sourceTree = "<group>"; };
		FD345BBC2CA6B5E7005FE713 /* MovieRepositoryProtocol.swift */ = {isa = PBXFileReference; lastKnownFileType = sourcecode.swift; path = MovieRepositoryProtocol.swift; sourceTree = "<group>"; };
		FD345BBE2CA6B7B5005FE713 /* GetTopRatedMoviesUseCaseProtocol.swift */ = {isa = PBXFileReference; lastKnownFileType = sourcecode.swift; path = GetTopRatedMoviesUseCaseProtocol.swift; sourceTree = "<group>"; };
		FD345BC02CA6B991005FE713 /* MovieRepository.swift */ = {isa = PBXFileReference; lastKnownFileType = sourcecode.swift; path = MovieRepository.swift; sourceTree = "<group>"; };
		FD345BC22CA6CFC2005FE713 /* GetTopRatedMoviesUseCase.swift */ = {isa = PBXFileReference; lastKnownFileType = sourcecode.swift; path = GetTopRatedMoviesUseCase.swift; sourceTree = "<group>"; };
		FD345BC42CA6D398005FE713 /* MoviesViewModel.swift */ = {isa = PBXFileReference; lastKnownFileType = sourcecode.swift; path = MoviesViewModel.swift; sourceTree = "<group>"; };
		FD345BC62CA6D425005FE713 /* MoviesView.swift */ = {isa = PBXFileReference; lastKnownFileType = sourcecode.swift; path = MoviesView.swift; sourceTree = "<group>"; };
		FD74288E2CABF011004291BF /* Info.plist */ = {isa = PBXFileReference; lastKnownFileType = text.plist; path = Info.plist; sourceTree = "<group>"; };
		FD7B025C2CA6E8280035DE19 /* FavoritesView.swift */ = {isa = PBXFileReference; lastKnownFileType = sourcecode.swift; path = FavoritesView.swift; sourceTree = "<group>"; };
		FD9B71802CA6AE2700374AA9 /* CleanArchitecture.app */ = {isa = PBXFileReference; explicitFileType = wrapper.application; includeInIndex = 0; path = CleanArchitecture.app; sourceTree = BUILT_PRODUCTS_DIR; };
		FD9B71832CA6AE2700374AA9 /* CleanArchitectureApp.swift */ = {isa = PBXFileReference; lastKnownFileType = sourcecode.swift; path = CleanArchitectureApp.swift; sourceTree = "<group>"; };
		FD9B71872CA6AE2900374AA9 /* Assets.xcassets */ = {isa = PBXFileReference; lastKnownFileType = folder.assetcatalog; path = Assets.xcassets; sourceTree = "<group>"; };
		FD9B718A2CA6AE2900374AA9 /* Preview Assets.xcassets */ = {isa = PBXFileReference; lastKnownFileType = folder.assetcatalog; path = "Preview Assets.xcassets"; sourceTree = "<group>"; };
		FDB056C52CAEDFEC00754D0A /* DIContainer.swift.swift */ = {isa = PBXFileReference; lastKnownFileType = sourcecode.swift; path = DIContainer.swift.swift; sourceTree = "<group>"; };
		FDB752012CABF4F4002EF118 /* Config.xcconfig */ = {isa = PBXFileReference; lastKnownFileType = text.xcconfig; path = Config.xcconfig; sourceTree = "<group>"; };
		FDB752052CAC34F0002EF118 /* AppDataModel.xcdatamodel */ = {isa = PBXFileReference; lastKnownFileType = wrapper.xcdatamodel; path = AppDataModel.xcdatamodel; sourceTree = "<group>"; };
		FDB752072CAC446E002EF118 /* PersistenceController.swift */ = {isa = PBXFileReference; lastKnownFileType = sourcecode.swift; path = PersistenceController.swift; sourceTree = "<group>"; };
		FDB752092CAC4546002EF118 /* CoreDataExtensions.swift */ = {isa = PBXFileReference; lastKnownFileType = sourcecode.swift; path = CoreDataExtensions.swift; sourceTree = "<group>"; };
/* End PBXFileReference section */

/* Begin PBXFrameworksBuildPhase section */
		FD9B717D2CA6AE2700374AA9 /* Frameworks */ = {
			isa = PBXFrameworksBuildPhase;
			buildActionMask = 2147483647;
			files = (
			);
			runOnlyForDeploymentPostprocessing = 0;
		};
/* End PBXFrameworksBuildPhase section */

/* Begin PBXGroup section */
		FD345BB22CA6B094005FE713 /* Entities */ = {
			isa = PBXGroup;
			children = (
				FD345BB72CA6B144005FE713 /* Movie.swift */,
			);
			path = Entities;
			sourceTree = "<group>";
		};
		FD345BB32CA6B09B005FE713 /* Repository */ = {
			isa = PBXGroup;
			children = (
				FD345BC02CA6B991005FE713 /* MovieRepository.swift */,
			);
			path = Repository;
			sourceTree = "<group>";
		};
		FD345BB42CA6B0A0005FE713 /* Use Case */ = {
			isa = PBXGroup;
			children = (
				FD345BC22CA6CFC2005FE713 /* GetTopRatedMoviesUseCase.swift */,
			);
			path = "Use Case";
			sourceTree = "<group>";
		};
		FD345BB52CA6B0A7005FE713 /* View Models */ = {
			isa = PBXGroup;
			children = (
				FD345BC42CA6D398005FE713 /* MoviesViewModel.swift */,
			);
			path = "View Models";
			sourceTree = "<group>";
		};
		FD345BB62CA6B0B1005FE713 /* Views */ = {
			isa = PBXGroup;
			children = (
				FD345BC62CA6D425005FE713 /* MoviesView.swift */,
				FD7B025C2CA6E8280035DE19 /* FavoritesView.swift */,
			);
			path = Views;
			sourceTree = "<group>";
		};
		FD345BB92CA6B397005FE713 /* Protocols */ = {
			isa = PBXGroup;
			children = (
				FD345BBB2CA6B588005FE713 /* Use Case */,
				FD345BBA2CA6B57A005FE713 /* Repository */,
			);
			path = Protocols;
			sourceTree = "<group>";
		};
		FD345BBA2CA6B57A005FE713 /* Repository */ = {
			isa = PBXGroup;
			children = (
				FD345BBC2CA6B5E7005FE713 /* MovieRepositoryProtocol.swift */,
			);
			path = Repository;
			sourceTree = "<group>";
		};
		FD345BBB2CA6B588005FE713 /* Use Case */ = {
			isa = PBXGroup;
			children = (
				FD345BBE2CA6B7B5005FE713 /* GetTopRatedMoviesUseCaseProtocol.swift */,
			);
			path = "Use Case";
			sourceTree = "<group>";
		};
		FD9B71772CA6AE2700374AA9 = {
			isa = PBXGroup;
			children = (
				FD9B71822CA6AE2700374AA9 /* CleanArchitecture */,
				FD9B71812CA6AE2700374AA9 /* Products */,
			);
			sourceTree = "<group>";
		};
		FD9B71812CA6AE2700374AA9 /* Products */ = {
			isa = PBXGroup;
			children = (
				FD9B71802CA6AE2700374AA9 /* CleanArchitecture.app */,
			);
			name = Products;
			sourceTree = "<group>";
		};
		FD9B71822CA6AE2700374AA9 /* CleanArchitecture */ = {
			isa = PBXGroup;
			children = (
				FDB056C42CAEDFDE00754D0A /* DI */,
				FDB752032CAC3491002EF118 /* Data Persistence */,
				FD74288E2CABF011004291BF /* Info.plist */,
				FD345BB92CA6B397005FE713 /* Protocols */,
				FD345BB62CA6B0B1005FE713 /* Views */,
				FD345BB52CA6B0A7005FE713 /* View Models */,
				FD345BB42CA6B0A0005FE713 /* Use Case */,
				FD345BB32CA6B09B005FE713 /* Repository */,
				FD345BB22CA6B094005FE713 /* Entities */,
				FD9B71832CA6AE2700374AA9 /* CleanArchitectureApp.swift */,
				FD9B71872CA6AE2900374AA9 /* Assets.xcassets */,
				FD9B71892CA6AE2900374AA9 /* Preview Content */,
				FDB752012CABF4F4002EF118 /* Config.xcconfig */,
			);
			path = CleanArchitecture;
			sourceTree = "<group>";
		};
		FD9B71892CA6AE2900374AA9 /* Preview Content */ = {
			isa = PBXGroup;
			children = (
				FD9B718A2CA6AE2900374AA9 /* Preview Assets.xcassets */,
			);
			path = "Preview Content";
			sourceTree = "<group>";
		};
		FDB056C42CAEDFDE00754D0A /* DI */ = {
			isa = PBXGroup;
			children = (
				FDB056C52CAEDFEC00754D0A /* DIContainer.swift.swift */,
			);
			path = DI;
			sourceTree = "<group>";
		};
		FDB752032CAC3491002EF118 /* Data Persistence */ = {
			isa = PBXGroup;
			children = (
				FDB752042CAC34F0002EF118 /* AppDataModel.xcdatamodeld */,
				FDB752072CAC446E002EF118 /* PersistenceController.swift */,
				FDB752092CAC4546002EF118 /* CoreDataExtensions.swift */,
			);
			path = "Data Persistence";
			sourceTree = "<group>";
		};
/* End PBXGroup section */

/* Begin PBXNativeTarget section */
		FD9B717F2CA6AE2700374AA9 /* CleanArchitecture */ = {
			isa = PBXNativeTarget;
			buildConfigurationList = FD9B718E2CA6AE2900374AA9 /* Build configuration list for PBXNativeTarget "CleanArchitecture" */;
			buildPhases = (
				FD9B717C2CA6AE2700374AA9 /* Sources */,
				FD9B717D2CA6AE2700374AA9 /* Frameworks */,
				FD9B717E2CA6AE2700374AA9 /* Resources */,
			);
			buildRules = (
			);
			dependencies = (
			);
			name = CleanArchitecture;
			productName = CleanArchitecture;
			productReference = FD9B71802CA6AE2700374AA9 /* CleanArchitecture.app */;
			productType = "com.apple.product-type.application";
		};
/* End PBXNativeTarget section */

/* Begin PBXProject section */
		FD9B71782CA6AE2700374AA9 /* Project object */ = {
			isa = PBXProject;
			attributes = {
				BuildIndependentTargetsInParallel = 1;
				LastSwiftUpdateCheck = 1540;
				LastUpgradeCheck = 1540;
				TargetAttributes = {
					FD9B717F2CA6AE2700374AA9 = {
						CreatedOnToolsVersion = 15.4;
					};
				};
			};
			buildConfigurationList = FD9B717B2CA6AE2700374AA9 /* Build configuration list for PBXProject "CleanArchitecture" */;
			compatibilityVersion = "Xcode 14.0";
			developmentRegion = en;
			hasScannedForEncodings = 0;
			knownRegions = (
				en,
				Base,
			);
			mainGroup = FD9B71772CA6AE2700374AA9;
			productRefGroup = FD9B71812CA6AE2700374AA9 /* Products */;
			projectDirPath = "";
			projectRoot = "";
			targets = (
				FD9B717F2CA6AE2700374AA9 /* CleanArchitecture */,
			);
		};
/* End PBXProject section */

/* Begin PBXResourcesBuildPhase section */
		FD9B717E2CA6AE2700374AA9 /* Resources */ = {
			isa = PBXResourcesBuildPhase;
			buildActionMask = 2147483647;
			files = (
				FD9B718B2CA6AE2900374AA9 /* Preview Assets.xcassets in Resources */,
				FDB752022CABF4F4002EF118 /* Config.xcconfig in Resources */,
				FD9B71882CA6AE2900374AA9 /* Assets.xcassets in Resources */,
			);
			runOnlyForDeploymentPostprocessing = 0;
		};
/* End PBXResourcesBuildPhase section */

/* Begin PBXSourcesBuildPhase section */
		FD9B717C2CA6AE2700374AA9 /* Sources */ = {
			isa = PBXSourcesBuildPhase;
			buildActionMask = 2147483647;
			files = (
				FD345BBF2CA6B7B5005FE713 /* GetTopRatedMoviesUseCaseProtocol.swift in Sources */,
				FD345BC32CA6CFC2005FE713 /* GetTopRatedMoviesUseCase.swift in Sources */,
				FDB7520A2CAC4546002EF118 /* CoreDataExtensions.swift in Sources */,
				FD345BC12CA6B991005FE713 /* MovieRepository.swift in Sources */,
				FDB056C62CAEDFEC00754D0A /* DIContainer.swift.swift in Sources */,
				FD9B71842CA6AE2700374AA9 /* CleanArchitectureApp.swift in Sources */,
				FDB752082CAC446E002EF118 /* PersistenceController.swift in Sources */,
				FD345BBD2CA6B5E7005FE713 /* MovieRepositoryProtocol.swift in Sources */,
				FDB752062CAC34F0002EF118 /* AppDataModel.xcdatamodeld in Sources */,
				FD345BB82CA6B144005FE713 /* Movie.swift in Sources */,
				FD345BC72CA6D425005FE713 /* MoviesView.swift in Sources */,
				FD345BC52CA6D398005FE713 /* MoviesViewModel.swift in Sources */,
				FD7B025D2CA6E8280035DE19 /* FavoritesView.swift in Sources */,
			);
			runOnlyForDeploymentPostprocessing = 0;
		};
/* End PBXSourcesBuildPhase section */

/* Begin XCBuildConfiguration section */
		FD9B718C2CA6AE2900374AA9 /* Debug */ = {
			isa = XCBuildConfiguration;
			baseConfigurationReference = FDB752012CABF4F4002EF118 /* Config.xcconfig */;
			buildSettings = {
				ALWAYS_SEARCH_USER_PATHS = NO;
				ASSETCATALOG_COMPILER_GENERATE_SWIFT_ASSET_SYMBOL_EXTENSIONS = YES;
				CLANG_ANALYZER_NONNULL = YES;
				CLANG_ANALYZER_NUMBER_OBJECT_CONVERSION = YES_AGGRESSIVE;
				CLANG_CXX_LANGUAGE_STANDARD = "gnu++20";
				CLANG_ENABLE_MODULES = YES;
				CLANG_ENABLE_OBJC_ARC = YES;
				CLANG_ENABLE_OBJC_WEAK = YES;
				CLANG_WARN_BLOCK_CAPTURE_AUTORELEASING = YES;
				CLANG_WARN_BOOL_CONVERSION = YES;
				CLANG_WARN_COMMA = YES;
				CLANG_WARN_CONSTANT_CONVERSION = YES;
				CLANG_WARN_DEPRECATED_OBJC_IMPLEMENTATIONS = YES;
				CLANG_WARN_DIRECT_OBJC_ISA_USAGE = YES_ERROR;
				CLANG_WARN_DOCUMENTATION_COMMENTS = YES;
				CLANG_WARN_EMPTY_BODY = YES;
				CLANG_WARN_ENUM_CONVERSION = YES;
				CLANG_WARN_INFINITE_RECURSION = YES;
				CLANG_WARN_INT_CONVERSION = YES;
				CLANG_WARN_NON_LITERAL_NULL_CONVERSION = YES;
				CLANG_WARN_OBJC_IMPLICIT_RETAIN_SELF = YES;
				CLANG_WARN_OBJC_LITERAL_CONVERSION = YES;
				CLANG_WARN_OBJC_ROOT_CLASS = YES_ERROR;
				CLANG_WARN_QUOTED_INCLUDE_IN_FRAMEWORK_HEADER = YES;
				CLANG_WARN_RANGE_LOOP_ANALYSIS = YES;
				CLANG_WARN_STRICT_PROTOTYPES = YES;
				CLANG_WARN_SUSPICIOUS_MOVE = YES;
				CLANG_WARN_UNGUARDED_AVAILABILITY = YES_AGGRESSIVE;
				CLANG_WARN_UNREACHABLE_CODE = YES;
				CLANG_WARN__DUPLICATE_METHOD_MATCH = YES;
				COPY_PHASE_STRIP = NO;
				DEBUG_INFORMATION_FORMAT = dwarf;
				ENABLE_STRICT_OBJC_MSGSEND = YES;
				ENABLE_TESTABILITY = YES;
				ENABLE_USER_SCRIPT_SANDBOXING = YES;
				GCC_C_LANGUAGE_STANDARD = gnu17;
				GCC_DYNAMIC_NO_PIC = NO;
				GCC_NO_COMMON_BLOCKS = YES;
				GCC_OPTIMIZATION_LEVEL = 0;
				GCC_PREPROCESSOR_DEFINITIONS = (
					"DEBUG=1",
					"$(inherited)",
				);
				GCC_WARN_64_TO_32_BIT_CONVERSION = YES;
				GCC_WARN_ABOUT_RETURN_TYPE = YES_ERROR;
				GCC_WARN_UNDECLARED_SELECTOR = YES;
				GCC_WARN_UNINITIALIZED_AUTOS = YES_AGGRESSIVE;
				GCC_WARN_UNUSED_FUNCTION = YES;
				GCC_WARN_UNUSED_VARIABLE = YES;
				IPHONEOS_DEPLOYMENT_TARGET = 17.5;
				LOCALIZATION_PREFERS_STRING_CATALOGS = YES;
				MTL_ENABLE_DEBUG_INFO = INCLUDE_SOURCE;
				MTL_FAST_MATH = YES;
				ONLY_ACTIVE_ARCH = YES;
				SDKROOT = iphoneos;
				SWIFT_ACTIVE_COMPILATION_CONDITIONS = "DEBUG $(inherited)";
				SWIFT_OPTIMIZATION_LEVEL = "-Onone";
			};
			name = Debug;
		};
		FD9B718D2CA6AE2900374AA9 /* Release */ = {
			isa = XCBuildConfiguration;
			baseConfigurationReference = FDB752012CABF4F4002EF118 /* Config.xcconfig */;
			buildSettings = {
				ALWAYS_SEARCH_USER_PATHS = NO;
				ASSETCATALOG_COMPILER_GENERATE_SWIFT_ASSET_SYMBOL_EXTENSIONS = YES;
				CLANG_ANALYZER_NONNULL = YES;
				CLANG_ANALYZER_NUMBER_OBJECT_CONVERSION = YES_AGGRESSIVE;
				CLANG_CXX_LANGUAGE_STANDARD = "gnu++20";
				CLANG_ENABLE_MODULES = YES;
				CLANG_ENABLE_OBJC_ARC = YES;
				CLANG_ENABLE_OBJC_WEAK = YES;
				CLANG_WARN_BLOCK_CAPTURE_AUTORELEASING = YES;
				CLANG_WARN_BOOL_CONVERSION = YES;
				CLANG_WARN_COMMA = YES;
				CLANG_WARN_CONSTANT_CONVERSION = YES;
				CLANG_WARN_DEPRECATED_OBJC_IMPLEMENTATIONS = YES;
				CLANG_WARN_DIRECT_OBJC_ISA_USAGE = YES_ERROR;
				CLANG_WARN_DOCUMENTATION_COMMENTS = YES;
				CLANG_WARN_EMPTY_BODY = YES;
				CLANG_WARN_ENUM_CONVERSION = YES;
				CLANG_WARN_INFINITE_RECURSION = YES;
				CLANG_WARN_INT_CONVERSION = YES;
				CLANG_WARN_NON_LITERAL_NULL_CONVERSION = YES;
				CLANG_WARN_OBJC_IMPLICIT_RETAIN_SELF = YES;
				CLANG_WARN_OBJC_LITERAL_CONVERSION = YES;
				CLANG_WARN_OBJC_ROOT_CLASS = YES_ERROR;
				CLANG_WARN_QUOTED_INCLUDE_IN_FRAMEWORK_HEADER = YES;
				CLANG_WARN_RANGE_LOOP_ANALYSIS = YES;
				CLANG_WARN_STRICT_PROTOTYPES = YES;
				CLANG_WARN_SUSPICIOUS_MOVE = YES;
				CLANG_WARN_UNGUARDED_AVAILABILITY = YES_AGGRESSIVE;
				CLANG_WARN_UNREACHABLE_CODE = YES;
				CLANG_WARN__DUPLICATE_METHOD_MATCH = YES;
				COPY_PHASE_STRIP = NO;
				DEBUG_INFORMATION_FORMAT = "dwarf-with-dsym";
				ENABLE_NS_ASSERTIONS = NO;
				ENABLE_STRICT_OBJC_MSGSEND = YES;
				ENABLE_USER_SCRIPT_SANDBOXING = YES;
				GCC_C_LANGUAGE_STANDARD = gnu17;
				GCC_NO_COMMON_BLOCKS = YES;
				GCC_WARN_64_TO_32_BIT_CONVERSION = YES;
				GCC_WARN_ABOUT_RETURN_TYPE = YES_ERROR;
				GCC_WARN_UNDECLARED_SELECTOR = YES;
				GCC_WARN_UNINITIALIZED_AUTOS = YES_AGGRESSIVE;
				GCC_WARN_UNUSED_FUNCTION = YES;
				GCC_WARN_UNUSED_VARIABLE = YES;
				IPHONEOS_DEPLOYMENT_TARGET = 17.5;
				LOCALIZATION_PREFERS_STRING_CATALOGS = YES;
				MTL_ENABLE_DEBUG_INFO = NO;
				MTL_FAST_MATH = YES;
				SDKROOT = iphoneos;
				SWIFT_COMPILATION_MODE = wholemodule;
				VALIDATE_PRODUCT = YES;
			};
			name = Release;
		};
		FD9B718F2CA6AE2900374AA9 /* Debug */ = {
			isa = XCBuildConfiguration;
			baseConfigurationReference = FDB752012CABF4F4002EF118 /* Config.xcconfig */;
			buildSettings = {
				ASSETCATALOG_COMPILER_APPICON_NAME = AppIcon;
				ASSETCATALOG_COMPILER_GLOBAL_ACCENT_COLOR_NAME = AccentColor;
				CODE_SIGN_STYLE = Automatic;
				CURRENT_PROJECT_VERSION = 1;
				DEVELOPMENT_ASSET_PATHS = "\"CleanArchitecture/Preview Content\"";
				DEVELOPMENT_TEAM = XHTY5N4472;
				ENABLE_PREVIEWS = YES;
				GENERATE_INFOPLIST_FILE = YES;
				INFOPLIST_FILE = CleanArchitecture/Info.plist;
				INFOPLIST_KEY_UIApplicationSceneManifest_Generation = YES;
				INFOPLIST_KEY_UIApplicationSupportsIndirectInputEvents = YES;
				INFOPLIST_KEY_UILaunchScreen_Generation = YES;
				INFOPLIST_KEY_UISupportedInterfaceOrientations_iPad = "UIInterfaceOrientationPortrait UIInterfaceOrientationPortraitUpsideDown UIInterfaceOrientationLandscapeLeft UIInterfaceOrientationLandscapeRight";
				INFOPLIST_KEY_UISupportedInterfaceOrientations_iPhone = "UIInterfaceOrientationPortrait UIInterfaceOrientationLandscapeLeft UIInterfaceOrientationLandscapeRight";
				IPHONEOS_DEPLOYMENT_TARGET = 16;
				LD_RUNPATH_SEARCH_PATHS = (
					"$(inherited)",
					"@executable_path/Frameworks",
				);
				MARKETING_VERSION = 1.0;
				PRODUCT_BUNDLE_IDENTIFIER = sadasdasdasdasdasdasdasdasd.CleanArchitecture;
				PRODUCT_NAME = "$(TARGET_NAME)";
				SWIFT_EMIT_LOC_STRINGS = YES;
				SWIFT_VERSION = 5.0;
				TARGETED_DEVICE_FAMILY = "1,2";
			};
			name = Debug;
		};
		FD9B71902CA6AE2900374AA9 /* Release */ = {
			isa = XCBuildConfiguration;
			baseConfigurationReference = FDB752012CABF4F4002EF118 /* Config.xcconfig */;
			buildSettings = {
				ASSETCATALOG_COMPILER_APPICON_NAME = AppIcon;
				ASSETCATALOG_COMPILER_GLOBAL_ACCENT_COLOR_NAME = AccentColor;
				CODE_SIGN_STYLE = Automatic;
				CURRENT_PROJECT_VERSION = 1;
				DEVELOPMENT_ASSET_PATHS = "\"CleanArchitecture/Preview Content\"";
				DEVELOPMENT_TEAM = XHTY5N4472;
				ENABLE_PREVIEWS = YES;
				GENERATE_INFOPLIST_FILE = YES;
				INFOPLIST_FILE = CleanArchitecture/Info.plist;
				INFOPLIST_KEY_UIApplicationSceneManifest_Generation = YES;
				INFOPLIST_KEY_UIApplicationSupportsIndirectInputEvents = YES;
				INFOPLIST_KEY_UILaunchScreen_Generation = YES;
				INFOPLIST_KEY_UISupportedInterfaceOrientations_iPad = "UIInterfaceOrientationPortrait UIInterfaceOrientationPortraitUpsideDown UIInterfaceOrientationLandscapeLeft UIInterfaceOrientationLandscapeRight";
				INFOPLIST_KEY_UISupportedInterfaceOrientations_iPhone = "UIInterfaceOrientationPortrait UIInterfaceOrientationLandscapeLeft UIInterfaceOrientationLandscapeRight";
				IPHONEOS_DEPLOYMENT_TARGET = 16;
				LD_RUNPATH_SEARCH_PATHS = (
					"$(inherited)",
					"@executable_path/Frameworks",
				);
				MARKETING_VERSION = 1.0;
				PRODUCT_BUNDLE_IDENTIFIER = sadasdasdasdasdasdasdasdasd.CleanArchitecture;
				PRODUCT_NAME = "$(TARGET_NAME)";
				SWIFT_EMIT_LOC_STRINGS = YES;
				SWIFT_VERSION = 5.0;
				TARGETED_DEVICE_FAMILY = "1,2";
			};
			name = Release;
		};
/* End XCBuildConfiguration section */

/* Begin XCConfigurationList section */
		FD9B717B2CA6AE2700374AA9 /* Build configuration list for PBXProject "CleanArchitecture" */ = {
			isa = XCConfigurationList;
			buildConfigurations = (
				FD9B718C2CA6AE2900374AA9 /* Debug */,
				FD9B718D2CA6AE2900374AA9 /* Release */,
			);
			defaultConfigurationIsVisible = 0;
			defaultConfigurationName = Release;
		};
		FD9B718E2CA6AE2900374AA9 /* Build configuration list for PBXNativeTarget "CleanArchitecture" */ = {
			isa = XCConfigurationList;
			buildConfigurations = (
				FD9B718F2CA6AE2900374AA9 /* Debug */,
				FD9B71902CA6AE2900374AA9 /* Release */,
			);
			defaultConfigurationIsVisible = 0;
			defaultConfigurationName = Release;
		};
/* End XCConfigurationList section */

/* Begin XCVersionGroup section */
		FDB752042CAC34F0002EF118 /* AppDataModel.xcdatamodeld */ = {
			isa = XCVersionGroup;
			children = (
				FDB752052CAC34F0002EF118 /* AppDataModel.xcdatamodel */,
			);
			currentVersion = FDB752052CAC34F0002EF118 /* AppDataModel.xcdatamodel */;
			name = AppDataModel.xcdatamodeld;
			path = "/Users/stepan/Documents/Private.nosync/CleanArchitecture/CleanArchitecture/Data Persistence/AppDataModel.xcdatamodeld";
			sourceTree = "<group>";
			versionGroupType = wrapper.xcdatamodel;
		};
/* End XCVersionGroup section */
	};
	rootObject = FD9B71782CA6AE2700374AA9 /* Project object */;
}
